// !$*UTF8*$!
{
	archiveVersion = 1;
	classes = {
	};
	objectVersion = 55;
	objects = {

/* Begin PBXBuildFile section */
		026A50862820BAC5000F4FD6 /* BreweryAPI.swift in Sources */ = {isa = PBXBuildFile; fileRef = 026A50852820BAC5000F4FD6 /* BreweryAPI.swift */; };
		026A50882820BADA000F4FD6 /* BreweryListView.swift in Sources */ = {isa = PBXBuildFile; fileRef = 026A50872820BADA000F4FD6 /* BreweryListView.swift */; };
		026A508A2820BAE9000F4FD6 /* BreweryListRow.swift in Sources */ = {isa = PBXBuildFile; fileRef = 026A50892820BAE9000F4FD6 /* BreweryListRow.swift */; };
		026A508C2820BAFE000F4FD6 /* BreweryDetailView.swift in Sources */ = {isa = PBXBuildFile; fileRef = 026A508B2820BAFE000F4FD6 /* BreweryDetailView.swift */; };
		026A508E2820BB1C000F4FD6 /* NearbyBreweryMap.swift in Sources */ = {isa = PBXBuildFile; fileRef = 026A508D2820BB1C000F4FD6 /* NearbyBreweryMap.swift */; };
		027ABC142823338100358B4B /* RequestLocationView.swift in Sources */ = {isa = PBXBuildFile; fileRef = 027ABC132823338100358B4B /* RequestLocationView.swift */; };
		027ABC16282334F000358B4B /* ErrorView.swift in Sources */ = {isa = PBXBuildFile; fileRef = 027ABC15282334F000358B4B /* ErrorView.swift */; };
		027ABC1A28233F9500358B4B /* ListViewModel.swift in Sources */ = {isa = PBXBuildFile; fileRef = 027ABC1928233F9500358B4B /* ListViewModel.swift */; };
		027ABC202823815500358B4B /* BreweryCustomListView.swift in Sources */ = {isa = PBXBuildFile; fileRef = 027ABC1F2823815500358B4B /* BreweryCustomListView.swift */; };
		029256C72823AE1A0086E82C /* FirebaseAuth in Frameworks */ = {isa = PBXBuildFile; productRef = 029256C62823AE1A0086E82C /* FirebaseAuth */; };
		029256C92823AE1A0086E82C /* FirebaseFirestore in Frameworks */ = {isa = PBXBuildFile; productRef = 029256C82823AE1A0086E82C /* FirebaseFirestore */; };
		029256CC2823AE610086E82C /* FirebaseAuthUI in Frameworks */ = {isa = PBXBuildFile; productRef = 029256CB2823AE610086E82C /* FirebaseAuthUI */; };
		029256CE2823AE610086E82C /* FirebaseEmailAuthUI in Frameworks */ = {isa = PBXBuildFile; productRef = 029256CD2823AE610086E82C /* FirebaseEmailAuthUI */; };
		029256D02823D3570086E82C /* BannerImage.swift in Sources */ = {isa = PBXBuildFile; fileRef = 029256CF2823D3570086E82C /* BannerImage.swift */; };
		029256D42823F4FD0086E82C /* Tabs.swift in Sources */ = {isa = PBXBuildFile; fileRef = 029256D32823F4FD0086E82C /* Tabs.swift */; };
		029256D62823FBCC0086E82C /* SuccessView.swift in Sources */ = {isa = PBXBuildFile; fileRef = 029256D52823FBCC0086E82C /* SuccessView.swift */; };
		029256DC282400820086E82C /* Brewery2.swift in Sources */ = {isa = PBXBuildFile; fileRef = 029256DB282400820086E82C /* Brewery2.swift */; };
		029256DE282400C10086E82C /* BreweryListRow2.swift in Sources */ = {isa = PBXBuildFile; fileRef = 029256DD282400C10086E82C /* BreweryListRow2.swift */; };
		029256E0282401240086E82C /* BreweryDetailView2.swift in Sources */ = {isa = PBXBuildFile; fileRef = 029256DF282401240086E82C /* BreweryDetailView2.swift */; };
		029256E3282415E70086E82C /* Launch Screen.storyboard in Resources */ = {isa = PBXBuildFile; fileRef = 029256E2282415E70086E82C /* Launch Screen.storyboard */; };
		02EBB7AB2820B83A00885C79 /* BrewBuddyApp.swift in Sources */ = {isa = PBXBuildFile; fileRef = 02EBB7AA2820B83A00885C79 /* BrewBuddyApp.swift */; };
		02EBB7AD2820B83A00885C79 /* ContentView.swift in Sources */ = {isa = PBXBuildFile; fileRef = 02EBB7AC2820B83A00885C79 /* ContentView.swift */; };
		02EBB7AF2820B83B00885C79 /* Assets.xcassets in Resources */ = {isa = PBXBuildFile; fileRef = 02EBB7AE2820B83B00885C79 /* Assets.xcassets */; };
		02EBB7B22820B83B00885C79 /* Preview Assets.xcassets in Resources */ = {isa = PBXBuildFile; fileRef = 02EBB7B12820B83B00885C79 /* Preview Assets.xcassets */; };
		02EBB7BC2820B83B00885C79 /* BrewBuddyTests.swift in Sources */ = {isa = PBXBuildFile; fileRef = 02EBB7BB2820B83B00885C79 /* BrewBuddyTests.swift */; };
		02EBB7C62820B83B00885C79 /* BrewBuddyUITests.swift in Sources */ = {isa = PBXBuildFile; fileRef = 02EBB7C52820B83B00885C79 /* BrewBuddyUITests.swift */; };
		02EBB7C82820B83B00885C79 /* BrewBuddyUITestsLaunchTests.swift in Sources */ = {isa = PBXBuildFile; fileRef = 02EBB7C72820B83B00885C79 /* BrewBuddyUITestsLaunchTests.swift */; };
		02EBB7D92820B89000885C79 /* Brewery.swift in Sources */ = {isa = PBXBuildFile; fileRef = 02EBB7D82820B89000885C79 /* Brewery.swift */; };
		B867DBFB2820FEDB000743BF /* GoogleService-Info.plist in Resources */ = {isa = PBXBuildFile; fileRef = B867DBFA2820FEDB000743BF /* GoogleService-Info.plist */; };
/* End PBXBuildFile section */

/* Begin PBXContainerItemProxy section */
		02EBB7B82820B83B00885C79 /* PBXContainerItemProxy */ = {
			isa = PBXContainerItemProxy;
			containerPortal = 02EBB79F2820B83A00885C79 /* Project object */;
			proxyType = 1;
			remoteGlobalIDString = 02EBB7A62820B83A00885C79;
			remoteInfo = BrewBuddy;
		};
		02EBB7C22820B83B00885C79 /* PBXContainerItemProxy */ = {
			isa = PBXContainerItemProxy;
			containerPortal = 02EBB79F2820B83A00885C79 /* Project object */;
			proxyType = 1;
			remoteGlobalIDString = 02EBB7A62820B83A00885C79;
			remoteInfo = BrewBuddy;
		};
/* End PBXContainerItemProxy section */

/* Begin PBXFileReference section */
		026A50852820BAC5000F4FD6 /* BreweryAPI.swift */ = {isa = PBXFileReference; lastKnownFileType = sourcecode.swift; path = BreweryAPI.swift; sourceTree = "<group>"; };
		026A50872820BADA000F4FD6 /* BreweryListView.swift */ = {isa = PBXFileReference; lastKnownFileType = sourcecode.swift; path = BreweryListView.swift; sourceTree = "<group>"; };
		026A50892820BAE9000F4FD6 /* BreweryListRow.swift */ = {isa = PBXFileReference; lastKnownFileType = sourcecode.swift; path = BreweryListRow.swift; sourceTree = "<group>"; };
		026A508B2820BAFE000F4FD6 /* BreweryDetailView.swift */ = {isa = PBXFileReference; lastKnownFileType = sourcecode.swift; path = BreweryDetailView.swift; sourceTree = "<group>"; };
		026A508D2820BB1C000F4FD6 /* NearbyBreweryMap.swift */ = {isa = PBXFileReference; lastKnownFileType = sourcecode.swift; path = NearbyBreweryMap.swift; sourceTree = "<group>"; };
		027ABC132823338100358B4B /* RequestLocationView.swift */ = {isa = PBXFileReference; lastKnownFileType = sourcecode.swift; path = RequestLocationView.swift; sourceTree = "<group>"; };
		027ABC15282334F000358B4B /* ErrorView.swift */ = {isa = PBXFileReference; lastKnownFileType = sourcecode.swift; path = ErrorView.swift; sourceTree = "<group>"; };
		027ABC1928233F9500358B4B /* ListViewModel.swift */ = {isa = PBXFileReference; lastKnownFileType = sourcecode.swift; path = ListViewModel.swift; sourceTree = "<group>"; };
		027ABC1F2823815500358B4B /* BreweryCustomListView.swift */ = {isa = PBXFileReference; lastKnownFileType = sourcecode.swift; path = BreweryCustomListView.swift; sourceTree = "<group>"; };
		029256CF2823D3570086E82C /* BannerImage.swift */ = {isa = PBXFileReference; lastKnownFileType = sourcecode.swift; path = BannerImage.swift; sourceTree = "<group>"; };
		029256D32823F4FD0086E82C /* Tabs.swift */ = {isa = PBXFileReference; lastKnownFileType = sourcecode.swift; path = Tabs.swift; sourceTree = "<group>"; };
		029256D52823FBCC0086E82C /* SuccessView.swift */ = {isa = PBXFileReference; lastKnownFileType = sourcecode.swift; path = SuccessView.swift; sourceTree = "<group>"; };
		029256DB282400820086E82C /* Brewery2.swift */ = {isa = PBXFileReference; lastKnownFileType = sourcecode.swift; path = Brewery2.swift; sourceTree = "<group>"; };
		029256DD282400C10086E82C /* BreweryListRow2.swift */ = {isa = PBXFileReference; lastKnownFileType = sourcecode.swift; path = BreweryListRow2.swift; sourceTree = "<group>"; };
		029256DF282401240086E82C /* BreweryDetailView2.swift */ = {isa = PBXFileReference; lastKnownFileType = sourcecode.swift; path = BreweryDetailView2.swift; sourceTree = "<group>"; };
		029256E1282415870086E82C /* Info.plist */ = {isa = PBXFileReference; lastKnownFileType = text.plist; path = Info.plist; sourceTree = "<group>"; };
		029256E2282415E70086E82C /* Launch Screen.storyboard */ = {isa = PBXFileReference; lastKnownFileType = file.storyboard; path = "Launch Screen.storyboard"; sourceTree = "<group>"; };
		02EBB7A72820B83A00885C79 /* BrewBuddy.app */ = {isa = PBXFileReference; explicitFileType = wrapper.application; includeInIndex = 0; path = BrewBuddy.app; sourceTree = BUILT_PRODUCTS_DIR; };
		02EBB7AA2820B83A00885C79 /* BrewBuddyApp.swift */ = {isa = PBXFileReference; lastKnownFileType = sourcecode.swift; path = BrewBuddyApp.swift; sourceTree = "<group>"; };
		02EBB7AC2820B83A00885C79 /* ContentView.swift */ = {isa = PBXFileReference; lastKnownFileType = sourcecode.swift; path = ContentView.swift; sourceTree = "<group>"; };
		02EBB7AE2820B83B00885C79 /* Assets.xcassets */ = {isa = PBXFileReference; lastKnownFileType = folder.assetcatalog; path = Assets.xcassets; sourceTree = "<group>"; };
		02EBB7B12820B83B00885C79 /* Preview Assets.xcassets */ = {isa = PBXFileReference; lastKnownFileType = folder.assetcatalog; path = "Preview Assets.xcassets"; sourceTree = "<group>"; };
		02EBB7B72820B83B00885C79 /* BrewBuddyTests.xctest */ = {isa = PBXFileReference; explicitFileType = wrapper.cfbundle; includeInIndex = 0; path = BrewBuddyTests.xctest; sourceTree = BUILT_PRODUCTS_DIR; };
		02EBB7BB2820B83B00885C79 /* BrewBuddyTests.swift */ = {isa = PBXFileReference; lastKnownFileType = sourcecode.swift; path = BrewBuddyTests.swift; sourceTree = "<group>"; };
		02EBB7C12820B83B00885C79 /* BrewBuddyUITests.xctest */ = {isa = PBXFileReference; explicitFileType = wrapper.cfbundle; includeInIndex = 0; path = BrewBuddyUITests.xctest; sourceTree = BUILT_PRODUCTS_DIR; };
		02EBB7C52820B83B00885C79 /* BrewBuddyUITests.swift */ = {isa = PBXFileReference; lastKnownFileType = sourcecode.swift; path = BrewBuddyUITests.swift; sourceTree = "<group>"; };
		02EBB7C72820B83B00885C79 /* BrewBuddyUITestsLaunchTests.swift */ = {isa = PBXFileReference; lastKnownFileType = sourcecode.swift; path = BrewBuddyUITestsLaunchTests.swift; sourceTree = "<group>"; };
		02EBB7D82820B89000885C79 /* Brewery.swift */ = {isa = PBXFileReference; lastKnownFileType = sourcecode.swift; path = Brewery.swift; sourceTree = "<group>"; };
		B867DBFA2820FEDB000743BF /* GoogleService-Info.plist */ = {isa = PBXFileReference; fileEncoding = 4; lastKnownFileType = text.plist.xml; path = "GoogleService-Info.plist"; sourceTree = "<group>"; };
/* End PBXFileReference section */

/* Begin PBXFrameworksBuildPhase section */
		02EBB7A42820B83A00885C79 /* Frameworks */ = {
			isa = PBXFrameworksBuildPhase;
			buildActionMask = 2147483647;
			files = (
				029256CE2823AE610086E82C /* FirebaseEmailAuthUI in Frameworks */,
				029256C72823AE1A0086E82C /* FirebaseAuth in Frameworks */,
				029256CC2823AE610086E82C /* FirebaseAuthUI in Frameworks */,
				029256C92823AE1A0086E82C /* FirebaseFirestore in Frameworks */,
			);
			runOnlyForDeploymentPostprocessing = 0;
		};
		02EBB7B42820B83B00885C79 /* Frameworks */ = {
			isa = PBXFrameworksBuildPhase;
			buildActionMask = 2147483647;
			files = (
			);
			runOnlyForDeploymentPostprocessing = 0;
		};
		02EBB7BE2820B83B00885C79 /* Frameworks */ = {
			isa = PBXFrameworksBuildPhase;
			buildActionMask = 2147483647;
			files = (
			);
			runOnlyForDeploymentPostprocessing = 0;
		};
/* End PBXFrameworksBuildPhase section */

/* Begin PBXGroup section */
		026A50822820BA86000F4FD6 /* API */ = {
			isa = PBXGroup;
			children = (
				026A50852820BAC5000F4FD6 /* BreweryAPI.swift */,
			);
			path = API;
			sourceTree = "<group>";
		};
		026A50832820BA8C000F4FD6 /* Helpers */ = {
			isa = PBXGroup;
			children = (
				026A508D2820BB1C000F4FD6 /* NearbyBreweryMap.swift */,
				027ABC132823338100358B4B /* RequestLocationView.swift */,
				029256D52823FBCC0086E82C /* SuccessView.swift */,
				027ABC15282334F000358B4B /* ErrorView.swift */,
				029256CF2823D3570086E82C /* BannerImage.swift */,
			);
			path = Helpers;
			sourceTree = "<group>";
		};
		026A50842820BA94000F4FD6 /* View */ = {
			isa = PBXGroup;
			children = (
				026A50872820BADA000F4FD6 /* BreweryListView.swift */,
				027ABC1F2823815500358B4B /* BreweryCustomListView.swift */,
				026A50892820BAE9000F4FD6 /* BreweryListRow.swift */,
				029256DD282400C10086E82C /* BreweryListRow2.swift */,
				026A508B2820BAFE000F4FD6 /* BreweryDetailView.swift */,
				029256DF282401240086E82C /* BreweryDetailView2.swift */,
			);
			path = View;
			sourceTree = "<group>";
		};
		02EBB79E2820B83A00885C79 = {
			isa = PBXGroup;
			children = (
				029256E2282415E70086E82C /* Launch Screen.storyboard */,
				B867DBFA2820FEDB000743BF /* GoogleService-Info.plist */,
				02EBB7A92820B83A00885C79 /* BrewBuddy */,
				02EBB7BA2820B83B00885C79 /* BrewBuddyTests */,
				02EBB7C42820B83B00885C79 /* BrewBuddyUITests */,
				02EBB7A82820B83A00885C79 /* Products */,
			);
			sourceTree = "<group>";
		};
		02EBB7A82820B83A00885C79 /* Products */ = {
			isa = PBXGroup;
			children = (
				02EBB7A72820B83A00885C79 /* BrewBuddy.app */,
				02EBB7B72820B83B00885C79 /* BrewBuddyTests.xctest */,
				02EBB7C12820B83B00885C79 /* BrewBuddyUITests.xctest */,
			);
			name = Products;
			sourceTree = "<group>";
		};
		02EBB7A92820B83A00885C79 /* BrewBuddy */ = {
			isa = PBXGroup;
			children = (
				029256E1282415870086E82C /* Info.plist */,
				026A50822820BA86000F4FD6 /* API */,
				026A50842820BA94000F4FD6 /* View */,
				026A50832820BA8C000F4FD6 /* Helpers */,
				02EBB7D72820B87300885C79 /* Model */,
				02EBB7AA2820B83A00885C79 /* BrewBuddyApp.swift */,
				029256D32823F4FD0086E82C /* Tabs.swift */,
				02EBB7AC2820B83A00885C79 /* ContentView.swift */,
				02EBB7AE2820B83B00885C79 /* Assets.xcassets */,
				02EBB7B02820B83B00885C79 /* Preview Content */,
			);
			path = BrewBuddy;
			sourceTree = "<group>";
		};
		02EBB7B02820B83B00885C79 /* Preview Content */ = {
			isa = PBXGroup;
			children = (
				02EBB7B12820B83B00885C79 /* Preview Assets.xcassets */,
			);
			path = "Preview Content";
			sourceTree = "<group>";
		};
		02EBB7BA2820B83B00885C79 /* BrewBuddyTests */ = {
			isa = PBXGroup;
			children = (
				02EBB7BB2820B83B00885C79 /* BrewBuddyTests.swift */,
			);
			path = BrewBuddyTests;
			sourceTree = "<group>";
		};
		02EBB7C42820B83B00885C79 /* BrewBuddyUITests */ = {
			isa = PBXGroup;
			children = (
				02EBB7C52820B83B00885C79 /* BrewBuddyUITests.swift */,
				02EBB7C72820B83B00885C79 /* BrewBuddyUITestsLaunchTests.swift */,
			);
			path = BrewBuddyUITests;
			sourceTree = "<group>";
		};
		02EBB7D72820B87300885C79 /* Model */ = {
			isa = PBXGroup;
			children = (
				02EBB7D82820B89000885C79 /* Brewery.swift */,
				029256DB282400820086E82C /* Brewery2.swift */,
				027ABC1928233F9500358B4B /* ListViewModel.swift */,
			);
			path = Model;
			sourceTree = "<group>";
		};
/* End PBXGroup section */

/* Begin PBXNativeTarget section */
		02EBB7A62820B83A00885C79 /* BrewBuddy */ = {
			isa = PBXNativeTarget;
			buildConfigurationList = 02EBB7CB2820B83B00885C79 /* Build configuration list for PBXNativeTarget "BrewBuddy" */;
			buildPhases = (
				02EBB7A32820B83A00885C79 /* Sources */,
				02EBB7A42820B83A00885C79 /* Frameworks */,
				02EBB7A52820B83A00885C79 /* Resources */,
			);
			buildRules = (
			);
			dependencies = (
			);
			name = BrewBuddy;
			packageProductDependencies = (
				029256C62823AE1A0086E82C /* FirebaseAuth */,
				029256C82823AE1A0086E82C /* FirebaseFirestore */,
				029256CB2823AE610086E82C /* FirebaseAuthUI */,
				029256CD2823AE610086E82C /* FirebaseEmailAuthUI */,
			);
			productName = BrewBuddy;
			productReference = 02EBB7A72820B83A00885C79 /* BrewBuddy.app */;
			productType = "com.apple.product-type.application";
		};
		02EBB7B62820B83B00885C79 /* BrewBuddyTests */ = {
			isa = PBXNativeTarget;
			buildConfigurationList = 02EBB7CE2820B83B00885C79 /* Build configuration list for PBXNativeTarget "BrewBuddyTests" */;
			buildPhases = (
				02EBB7B32820B83B00885C79 /* Sources */,
				02EBB7B42820B83B00885C79 /* Frameworks */,
				02EBB7B52820B83B00885C79 /* Resources */,
			);
			buildRules = (
			);
			dependencies = (
				02EBB7B92820B83B00885C79 /* PBXTargetDependency */,
			);
			name = BrewBuddyTests;
			productName = BrewBuddyTests;
			productReference = 02EBB7B72820B83B00885C79 /* BrewBuddyTests.xctest */;
			productType = "com.apple.product-type.bundle.unit-test";
		};
		02EBB7C02820B83B00885C79 /* BrewBuddyUITests */ = {
			isa = PBXNativeTarget;
			buildConfigurationList = 02EBB7D12820B83B00885C79 /* Build configuration list for PBXNativeTarget "BrewBuddyUITests" */;
			buildPhases = (
				02EBB7BD2820B83B00885C79 /* Sources */,
				02EBB7BE2820B83B00885C79 /* Frameworks */,
				02EBB7BF2820B83B00885C79 /* Resources */,
			);
			buildRules = (
			);
			dependencies = (
				02EBB7C32820B83B00885C79 /* PBXTargetDependency */,
			);
			name = BrewBuddyUITests;
			productName = BrewBuddyUITests;
			productReference = 02EBB7C12820B83B00885C79 /* BrewBuddyUITests.xctest */;
			productType = "com.apple.product-type.bundle.ui-testing";
		};
/* End PBXNativeTarget section */

/* Begin PBXProject section */
		02EBB79F2820B83A00885C79 /* Project object */ = {
			isa = PBXProject;
			attributes = {
				BuildIndependentTargetsInParallel = 1;
				LastSwiftUpdateCheck = 1330;
				LastUpgradeCheck = 1330;
				TargetAttributes = {
					02EBB7A62820B83A00885C79 = {
						CreatedOnToolsVersion = 13.3.1;
					};
					02EBB7B62820B83B00885C79 = {
						CreatedOnToolsVersion = 13.3.1;
						TestTargetID = 02EBB7A62820B83A00885C79;
					};
					02EBB7C02820B83B00885C79 = {
						CreatedOnToolsVersion = 13.3.1;
						TestTargetID = 02EBB7A62820B83A00885C79;
					};
				};
			};
			buildConfigurationList = 02EBB7A22820B83A00885C79 /* Build configuration list for PBXProject "BrewBuddy" */;
			compatibilityVersion = "Xcode 13.0";
			developmentRegion = en;
			hasScannedForEncodings = 0;
			knownRegions = (
				en,
				Base,
			);
			mainGroup = 02EBB79E2820B83A00885C79;
			packageReferences = (
				029256C52823AE1A0086E82C /* XCRemoteSwiftPackageReference "firebase-ios-sdk" */,
				029256CA2823AE610086E82C /* XCRemoteSwiftPackageReference "FirebaseUI-iOS" */,
			);
			productRefGroup = 02EBB7A82820B83A00885C79 /* Products */;
			projectDirPath = "";
			projectRoot = "";
			targets = (
				02EBB7A62820B83A00885C79 /* BrewBuddy */,
				02EBB7B62820B83B00885C79 /* BrewBuddyTests */,
				02EBB7C02820B83B00885C79 /* BrewBuddyUITests */,
			);
		};
/* End PBXProject section */

/* Begin PBXResourcesBuildPhase section */
		02EBB7A52820B83A00885C79 /* Resources */ = {
			isa = PBXResourcesBuildPhase;
			buildActionMask = 2147483647;
			files = (
				02EBB7B22820B83B00885C79 /* Preview Assets.xcassets in Resources */,
				02EBB7AF2820B83B00885C79 /* Assets.xcassets in Resources */,
				029256E3282415E70086E82C /* Launch Screen.storyboard in Resources */,
				B867DBFB2820FEDB000743BF /* GoogleService-Info.plist in Resources */,
			);
			runOnlyForDeploymentPostprocessing = 0;
		};
		02EBB7B52820B83B00885C79 /* Resources */ = {
			isa = PBXResourcesBuildPhase;
			buildActionMask = 2147483647;
			files = (
			);
			runOnlyForDeploymentPostprocessing = 0;
		};
		02EBB7BF2820B83B00885C79 /* Resources */ = {
			isa = PBXResourcesBuildPhase;
			buildActionMask = 2147483647;
			files = (
			);
			runOnlyForDeploymentPostprocessing = 0;
		};
/* End PBXResourcesBuildPhase section */

/* Begin PBXSourcesBuildPhase section */
		02EBB7A32820B83A00885C79 /* Sources */ = {
			isa = PBXSourcesBuildPhase;
			buildActionMask = 2147483647;
			files = (
				026A508E2820BB1C000F4FD6 /* NearbyBreweryMap.swift in Sources */,
				029256DC282400820086E82C /* Brewery2.swift in Sources */,
				02EBB7AD2820B83A00885C79 /* ContentView.swift in Sources */,
				029256D62823FBCC0086E82C /* SuccessView.swift in Sources */,
				027ABC1A28233F9500358B4B /* ListViewModel.swift in Sources */,
				026A508C2820BAFE000F4FD6 /* BreweryDetailView.swift in Sources */,
				029256D42823F4FD0086E82C /* Tabs.swift in Sources */,
				029256D02823D3570086E82C /* BannerImage.swift in Sources */,
				027ABC142823338100358B4B /* RequestLocationView.swift in Sources */,
				027ABC202823815500358B4B /* BreweryCustomListView.swift in Sources */,
				026A50882820BADA000F4FD6 /* BreweryListView.swift in Sources */,
				027ABC16282334F000358B4B /* ErrorView.swift in Sources */,
				026A50862820BAC5000F4FD6 /* BreweryAPI.swift in Sources */,
				026A508A2820BAE9000F4FD6 /* BreweryListRow.swift in Sources */,
				02EBB7D92820B89000885C79 /* Brewery.swift in Sources */,
				029256DE282400C10086E82C /* BreweryListRow2.swift in Sources */,
				02EBB7AB2820B83A00885C79 /* BrewBuddyApp.swift in Sources */,
				029256E0282401240086E82C /* BreweryDetailView2.swift in Sources */,
			);
			runOnlyForDeploymentPostprocessing = 0;
		};
		02EBB7B32820B83B00885C79 /* Sources */ = {
			isa = PBXSourcesBuildPhase;
			buildActionMask = 2147483647;
			files = (
				02EBB7BC2820B83B00885C79 /* BrewBuddyTests.swift in Sources */,
			);
			runOnlyForDeploymentPostprocessing = 0;
		};
		02EBB7BD2820B83B00885C79 /* Sources */ = {
			isa = PBXSourcesBuildPhase;
			buildActionMask = 2147483647;
			files = (
				02EBB7C62820B83B00885C79 /* BrewBuddyUITests.swift in Sources */,
				02EBB7C82820B83B00885C79 /* BrewBuddyUITestsLaunchTests.swift in Sources */,
			);
			runOnlyForDeploymentPostprocessing = 0;
		};
/* End PBXSourcesBuildPhase section */

/* Begin PBXTargetDependency section */
		02EBB7B92820B83B00885C79 /* PBXTargetDependency */ = {
			isa = PBXTargetDependency;
			target = 02EBB7A62820B83A00885C79 /* BrewBuddy */;
			targetProxy = 02EBB7B82820B83B00885C79 /* PBXContainerItemProxy */;
		};
		02EBB7C32820B83B00885C79 /* PBXTargetDependency */ = {
			isa = PBXTargetDependency;
			target = 02EBB7A62820B83A00885C79 /* BrewBuddy */;
			targetProxy = 02EBB7C22820B83B00885C79 /* PBXContainerItemProxy */;
		};
/* End PBXTargetDependency section */

/* Begin XCBuildConfiguration section */
		02EBB7C92820B83B00885C79 /* Debug */ = {
			isa = XCBuildConfiguration;
			buildSettings = {
				ALWAYS_SEARCH_USER_PATHS = NO;
				CLANG_ANALYZER_NONNULL = YES;
				CLANG_ANALYZER_NUMBER_OBJECT_CONVERSION = YES_AGGRESSIVE;
				CLANG_CXX_LANGUAGE_STANDARD = "gnu++17";
				CLANG_ENABLE_MODULES = YES;
				CLANG_ENABLE_OBJC_ARC = YES;
				CLANG_ENABLE_OBJC_WEAK = YES;
				CLANG_WARN_BLOCK_CAPTURE_AUTORELEASING = YES;
				CLANG_WARN_BOOL_CONVERSION = YES;
				CLANG_WARN_COMMA = YES;
				CLANG_WARN_CONSTANT_CONVERSION = YES;
				CLANG_WARN_DEPRECATED_OBJC_IMPLEMENTATIONS = YES;
				CLANG_WARN_DIRECT_OBJC_ISA_USAGE = YES_ERROR;
				CLANG_WARN_DOCUMENTATION_COMMENTS = YES;
				CLANG_WARN_EMPTY_BODY = YES;
				CLANG_WARN_ENUM_CONVERSION = YES;
				CLANG_WARN_INFINITE_RECURSION = YES;
				CLANG_WARN_INT_CONVERSION = YES;
				CLANG_WARN_NON_LITERAL_NULL_CONVERSION = YES;
				CLANG_WARN_OBJC_IMPLICIT_RETAIN_SELF = YES;
				CLANG_WARN_OBJC_LITERAL_CONVERSION = YES;
				CLANG_WARN_OBJC_ROOT_CLASS = YES_ERROR;
				CLANG_WARN_QUOTED_INCLUDE_IN_FRAMEWORK_HEADER = YES;
				CLANG_WARN_RANGE_LOOP_ANALYSIS = YES;
				CLANG_WARN_STRICT_PROTOTYPES = YES;
				CLANG_WARN_SUSPICIOUS_MOVE = YES;
				CLANG_WARN_UNGUARDED_AVAILABILITY = YES_AGGRESSIVE;
				CLANG_WARN_UNREACHABLE_CODE = YES;
				CLANG_WARN__DUPLICATE_METHOD_MATCH = YES;
				COPY_PHASE_STRIP = NO;
				DEBUG_INFORMATION_FORMAT = dwarf;
				ENABLE_STRICT_OBJC_MSGSEND = YES;
				ENABLE_TESTABILITY = YES;
				GCC_C_LANGUAGE_STANDARD = gnu11;
				GCC_DYNAMIC_NO_PIC = NO;
				GCC_NO_COMMON_BLOCKS = YES;
				GCC_OPTIMIZATION_LEVEL = 0;
				GCC_PREPROCESSOR_DEFINITIONS = (
					"DEBUG=1",
					"$(inherited)",
				);
				GCC_WARN_64_TO_32_BIT_CONVERSION = YES;
				GCC_WARN_ABOUT_RETURN_TYPE = YES_ERROR;
				GCC_WARN_UNDECLARED_SELECTOR = YES;
				GCC_WARN_UNINITIALIZED_AUTOS = YES_AGGRESSIVE;
				GCC_WARN_UNUSED_FUNCTION = YES;
				GCC_WARN_UNUSED_VARIABLE = YES;
				IPHONEOS_DEPLOYMENT_TARGET = 15.4;
				MTL_ENABLE_DEBUG_INFO = INCLUDE_SOURCE;
				MTL_FAST_MATH = YES;
				ONLY_ACTIVE_ARCH = YES;
				SDKROOT = iphoneos;
				SWIFT_ACTIVE_COMPILATION_CONDITIONS = DEBUG;
				SWIFT_OPTIMIZATION_LEVEL = "-Onone";
			};
			name = Debug;
		};
		02EBB7CA2820B83B00885C79 /* Release */ = {
			isa = XCBuildConfiguration;
			buildSettings = {
				ALWAYS_SEARCH_USER_PATHS = NO;
				CLANG_ANALYZER_NONNULL = YES;
				CLANG_ANALYZER_NUMBER_OBJECT_CONVERSION = YES_AGGRESSIVE;
				CLANG_CXX_LANGUAGE_STANDARD = "gnu++17";
				CLANG_ENABLE_MODULES = YES;
				CLANG_ENABLE_OBJC_ARC = YES;
				CLANG_ENABLE_OBJC_WEAK = YES;
				CLANG_WARN_BLOCK_CAPTURE_AUTORELEASING = YES;
				CLANG_WARN_BOOL_CONVERSION = YES;
				CLANG_WARN_COMMA = YES;
				CLANG_WARN_CONSTANT_CONVERSION = YES;
				CLANG_WARN_DEPRECATED_OBJC_IMPLEMENTATIONS = YES;
				CLANG_WARN_DIRECT_OBJC_ISA_USAGE = YES_ERROR;
				CLANG_WARN_DOCUMENTATION_COMMENTS = YES;
				CLANG_WARN_EMPTY_BODY = YES;
				CLANG_WARN_ENUM_CONVERSION = YES;
				CLANG_WARN_INFINITE_RECURSION = YES;
				CLANG_WARN_INT_CONVERSION = YES;
				CLANG_WARN_NON_LITERAL_NULL_CONVERSION = YES;
				CLANG_WARN_OBJC_IMPLICIT_RETAIN_SELF = YES;
				CLANG_WARN_OBJC_LITERAL_CONVERSION = YES;
				CLANG_WARN_OBJC_ROOT_CLASS = YES_ERROR;
				CLANG_WARN_QUOTED_INCLUDE_IN_FRAMEWORK_HEADER = YES;
				CLANG_WARN_RANGE_LOOP_ANALYSIS = YES;
				CLANG_WARN_STRICT_PROTOTYPES = YES;
				CLANG_WARN_SUSPICIOUS_MOVE = YES;
				CLANG_WARN_UNGUARDED_AVAILABILITY = YES_AGGRESSIVE;
				CLANG_WARN_UNREACHABLE_CODE = YES;
				CLANG_WARN__DUPLICATE_METHOD_MATCH = YES;
				COPY_PHASE_STRIP = NO;
				DEBUG_INFORMATION_FORMAT = "dwarf-with-dsym";
				ENABLE_NS_ASSERTIONS = NO;
				ENABLE_STRICT_OBJC_MSGSEND = YES;
				GCC_C_LANGUAGE_STANDARD = gnu11;
				GCC_NO_COMMON_BLOCKS = YES;
				GCC_WARN_64_TO_32_BIT_CONVERSION = YES;
				GCC_WARN_ABOUT_RETURN_TYPE = YES_ERROR;
				GCC_WARN_UNDECLARED_SELECTOR = YES;
				GCC_WARN_UNINITIALIZED_AUTOS = YES_AGGRESSIVE;
				GCC_WARN_UNUSED_FUNCTION = YES;
				GCC_WARN_UNUSED_VARIABLE = YES;
				IPHONEOS_DEPLOYMENT_TARGET = 15.4;
				MTL_ENABLE_DEBUG_INFO = NO;
				MTL_FAST_MATH = YES;
				SDKROOT = iphoneos;
				SWIFT_COMPILATION_MODE = wholemodule;
				SWIFT_OPTIMIZATION_LEVEL = "-O";
				VALIDATE_PRODUCT = YES;
			};
			name = Release;
		};
		02EBB7CC2820B83B00885C79 /* Debug */ = {
			isa = XCBuildConfiguration;
			buildSettings = {
				ASSETCATALOG_COMPILER_APPICON_NAME = AppIcon;
				ASSETCATALOG_COMPILER_GLOBAL_ACCENT_COLOR_NAME = AccentColor;
				CODE_SIGN_STYLE = Automatic;
				CURRENT_PROJECT_VERSION = 1;
				DEVELOPMENT_ASSET_PATHS = "\"BrewBuddy/Preview Content\"";
				DEVELOPMENT_TEAM = 89V7K92VYR;
				ENABLE_PREVIEWS = YES;
				GENERATE_INFOPLIST_FILE = YES;
				INFOPLIST_FILE = BrewBuddy/Info.plist;
				INFOPLIST_KEY_NSLocationWhenInUseUsageDescription = "BrewBuddy needs your location to find breweries near you.";
				INFOPLIST_KEY_UIApplicationSceneManifest_Generation = YES;
				INFOPLIST_KEY_UIApplicationSupportsIndirectInputEvents = YES;
				INFOPLIST_KEY_UILaunchScreen_Generation = YES;
				INFOPLIST_KEY_UISupportedInterfaceOrientations_iPad = "UIInterfaceOrientationPortrait UIInterfaceOrientationPortraitUpsideDown UIInterfaceOrientationLandscapeLeft UIInterfaceOrientationLandscapeRight";
				INFOPLIST_KEY_UISupportedInterfaceOrientations_iPhone = "UIInterfaceOrientationPortrait UIInterfaceOrientationLandscapeLeft UIInterfaceOrientationLandscapeRight";
				LD_RUNPATH_SEARCH_PATHS = (
					"$(inherited)",
					"@executable_path/Frameworks",
				);
				MARKETING_VERSION = 1.0;
				PRODUCT_BUNDLE_IDENTIFIER = henrybenso.BrewBuddy;
				PRODUCT_NAME = "$(TARGET_NAME)";
				SWIFT_EMIT_LOC_STRINGS = YES;
				SWIFT_VERSION = 5.0;
				TARGETED_DEVICE_FAMILY = "1,2";
			};
			name = Debug;
		};
		02EBB7CD2820B83B00885C79 /* Release */ = {
			isa = XCBuildConfiguration;
			buildSettings = {
				ASSETCATALOG_COMPILER_APPICON_NAME = AppIcon;
				ASSETCATALOG_COMPILER_GLOBAL_ACCENT_COLOR_NAME = AccentColor;
				CODE_SIGN_STYLE = Automatic;
				CURRENT_PROJECT_VERSION = 1;
				DEVELOPMENT_ASSET_PATHS = "\"BrewBuddy/Preview Content\"";
				DEVELOPMENT_TEAM = 89V7K92VYR;
				ENABLE_PREVIEWS = YES;
				GENERATE_INFOPLIST_FILE = YES;
				INFOPLIST_FILE = BrewBuddy/Info.plist;
				INFOPLIST_KEY_NSLocationWhenInUseUsageDescription = "BrewBuddy needs your location to find breweries near you.";
				INFOPLIST_KEY_UIApplicationSceneManifest_Generation = YES;
				INFOPLIST_KEY_UIApplicationSupportsIndirectInputEvents = YES;
				INFOPLIST_KEY_UILaunchScreen_Generation = YES;
				INFOPLIST_KEY_UISupportedInterfaceOrientations_iPad = "UIInterfaceOrientationPortrait UIInterfaceOrientationPortraitUpsideDown UIInterfaceOrientationLandscapeLeft UIInterfaceOrientationLandscapeRight";
				INFOPLIST_KEY_UISupportedInterfaceOrientations_iPhone = "UIInterfaceOrientationPortrait UIInterfaceOrientationLandscapeLeft UIInterfaceOrientationLandscapeRight";
				LD_RUNPATH_SEARCH_PATHS = (
					"$(inherited)",
					"@executable_path/Frameworks",
				);
				MARKETING_VERSION = 1.0;
				PRODUCT_BUNDLE_IDENTIFIER = henrybenso.BrewBuddy;
				PRODUCT_NAME = "$(TARGET_NAME)";
				SWIFT_EMIT_LOC_STRINGS = YES;
				SWIFT_VERSION = 5.0;
				TARGETED_DEVICE_FAMILY = "1,2";
			};
			name = Release;
		};
		02EBB7CF2820B83B00885C79 /* Debug */ = {
			isa = XCBuildConfiguration;
			buildSettings = {
				ALWAYS_EMBED_SWIFT_STANDARD_LIBRARIES = YES;
				BUNDLE_LOADER = "$(TEST_HOST)";
				CODE_SIGN_STYLE = Automatic;
				CURRENT_PROJECT_VERSION = 1;
				DEVELOPMENT_TEAM = 89V7K92VYR;
				GENERATE_INFOPLIST_FILE = YES;
				IPHONEOS_DEPLOYMENT_TARGET = 15.4;
				MARKETING_VERSION = 1.0;
				PRODUCT_BUNDLE_IDENTIFIER = henrybenso.BrewBuddyTests;
				PRODUCT_NAME = "$(TARGET_NAME)";
				SWIFT_EMIT_LOC_STRINGS = NO;
				SWIFT_VERSION = 5.0;
				TARGETED_DEVICE_FAMILY = "1,2";
				TEST_HOST = "$(BUILT_PRODUCTS_DIR)/BrewBuddy.app/BrewBuddy";
			};
			name = Debug;
		};
		02EBB7D02820B83B00885C79 /* Release */ = {
			isa = XCBuildConfiguration;
			buildSettings = {
				ALWAYS_EMBED_SWIFT_STANDARD_LIBRARIES = YES;
				BUNDLE_LOADER = "$(TEST_HOST)";
				CODE_SIGN_STYLE = Automatic;
				CURRENT_PROJECT_VERSION = 1;
				DEVELOPMENT_TEAM = 89V7K92VYR;
				GENERATE_INFOPLIST_FILE = YES;
				IPHONEOS_DEPLOYMENT_TARGET = 15.4;
				MARKETING_VERSION = 1.0;
				PRODUCT_BUNDLE_IDENTIFIER = henrybenso.BrewBuddyTests;
				PRODUCT_NAME = "$(TARGET_NAME)";
				SWIFT_EMIT_LOC_STRINGS = NO;
				SWIFT_VERSION = 5.0;
				TARGETED_DEVICE_FAMILY = "1,2";
				TEST_HOST = "$(BUILT_PRODUCTS_DIR)/BrewBuddy.app/BrewBuddy";
			};
			name = Release;
		};
		02EBB7D22820B83B00885C79 /* Debug */ = {
			isa = XCBuildConfiguration;
			buildSettings = {
				ALWAYS_EMBED_SWIFT_STANDARD_LIBRARIES = YES;
				CODE_SIGN_STYLE = Automatic;
				CURRENT_PROJECT_VERSION = 1;
				DEVELOPMENT_TEAM = 89V7K92VYR;
				GENERATE_INFOPLIST_FILE = YES;
				MARKETING_VERSION = 1.0;
				PRODUCT_BUNDLE_IDENTIFIER = henrybenso.BrewBuddyUITests;
				PRODUCT_NAME = "$(TARGET_NAME)";
				SWIFT_EMIT_LOC_STRINGS = NO;
				SWIFT_VERSION = 5.0;
				TARGETED_DEVICE_FAMILY = "1,2";
				TEST_TARGET_NAME = BrewBuddy;
			};
			name = Debug;
		};
		02EBB7D32820B83B00885C79 /* Release */ = {
			isa = XCBuildConfiguration;
			buildSettings = {
				ALWAYS_EMBED_SWIFT_STANDARD_LIBRARIES = YES;
				CODE_SIGN_STYLE = Automatic;
				CURRENT_PROJECT_VERSION = 1;
				DEVELOPMENT_TEAM = 89V7K92VYR;
				GENERATE_INFOPLIST_FILE = YES;
				MARKETING_VERSION = 1.0;
				PRODUCT_BUNDLE_IDENTIFIER = henrybenso.BrewBuddyUITests;
				PRODUCT_NAME = "$(TARGET_NAME)";
				SWIFT_EMIT_LOC_STRINGS = NO;
				SWIFT_VERSION = 5.0;
				TARGETED_DEVICE_FAMILY = "1,2";
				TEST_TARGET_NAME = BrewBuddy;
			};
			name = Release;
		};
/* End XCBuildConfiguration section */

/* Begin XCConfigurationList section */
		02EBB7A22820B83A00885C79 /* Build configuration list for PBXProject "BrewBuddy" */ = {
			isa = XCConfigurationList;
			buildConfigurations = (
				02EBB7C92820B83B00885C79 /* Debug */,
				02EBB7CA2820B83B00885C79 /* Release */,
			);
			defaultConfigurationIsVisible = 0;
			defaultConfigurationName = Release;
		};
		02EBB7CB2820B83B00885C79 /* Build configuration list for PBXNativeTarget "BrewBuddy" */ = {
			isa = XCConfigurationList;
			buildConfigurations = (
				02EBB7CC2820B83B00885C79 /* Debug */,
				02EBB7CD2820B83B00885C79 /* Release */,
			);
			defaultConfigurationIsVisible = 0;
			defaultConfigurationName = Release;
		};
		02EBB7CE2820B83B00885C79 /* Build configuration list for PBXNativeTarget "BrewBuddyTests" */ = {
			isa = XCConfigurationList;
			buildConfigurations = (
				02EBB7CF2820B83B00885C79 /* Debug */,
				02EBB7D02820B83B00885C79 /* Release */,
			);
			defaultConfigurationIsVisible = 0;
			defaultConfigurationName = Release;
		};
		02EBB7D12820B83B00885C79 /* Build configuration list for PBXNativeTarget "BrewBuddyUITests" */ = {
			isa = XCConfigurationList;
			buildConfigurations = (
				02EBB7D22820B83B00885C79 /* Debug */,
				02EBB7D32820B83B00885C79 /* Release */,
			);
			defaultConfigurationIsVisible = 0;
			defaultConfigurationName = Release;
		};
/* End XCConfigurationList section */

/* Begin XCRemoteSwiftPackageReference section */
		029256C52823AE1A0086E82C /* XCRemoteSwiftPackageReference "firebase-ios-sdk" */ = {
			isa = XCRemoteSwiftPackageReference;
			repositoryURL = "https://github.com/firebase/firebase-ios-sdk";
			requirement = {
				kind = upToNextMajorVersion;
				minimumVersion = 8.10.0;
			};
		};
		029256CA2823AE610086E82C /* XCRemoteSwiftPackageReference "FirebaseUI-iOS" */ = {
			isa = XCRemoteSwiftPackageReference;
			repositoryURL = "https://github.com/firebase/FirebaseUI-iOS";
			requirement = {
				kind = upToNextMajorVersion;
				minimumVersion = 12.1.1;
			};
		};
/* End XCRemoteSwiftPackageReference section */

/* Begin XCSwiftPackageProductDependency section */
		029256C62823AE1A0086E82C /* FirebaseAuth */ = {
			isa = XCSwiftPackageProductDependency;
			package = 029256C52823AE1A0086E82C /* XCRemoteSwiftPackageReference "firebase-ios-sdk" */;
			productName = FirebaseAuth;
		};
		029256C82823AE1A0086E82C /* FirebaseFirestore */ = {
			isa = XCSwiftPackageProductDependency;
			package = 029256C52823AE1A0086E82C /* XCRemoteSwiftPackageReference "firebase-ios-sdk" */;
			productName = FirebaseFirestore;
		};
		029256CB2823AE610086E82C /* FirebaseAuthUI */ = {
			isa = XCSwiftPackageProductDependency;
			package = 029256CA2823AE610086E82C /* XCRemoteSwiftPackageReference "FirebaseUI-iOS" */;
			productName = FirebaseAuthUI;
		};
		029256CD2823AE610086E82C /* FirebaseEmailAuthUI */ = {
			isa = XCSwiftPackageProductDependency;
			package = 029256CA2823AE610086E82C /* XCRemoteSwiftPackageReference "FirebaseUI-iOS" */;
			productName = FirebaseEmailAuthUI;
		};
/* End XCSwiftPackageProductDependency section */
	};
	rootObject = 02EBB79F2820B83A00885C79 /* Project object */;
}
